
Microsoft Visual Studio Solution File, Format Version 12.00
# Visual Studio 15
VisualStudioVersion = 15.0.28307.271
MinimumVisualStudioVersion = 10.0.40219.1
Project("{FAE04EC0-301F-11D3-BF4B-00C04F79EFBC}") = "SP_Medical_group.WebApi", "SP_Medical_group.WebApi\SP_Medical_group.WebApi.csproj", "{AECF4201-8417-4D0A-AA2A-A15B9876EFEE}"
EndProject
Global
	GlobalSection(SolutionConfigurationPlatforms) = preSolution
		Debug|Any CPU = Debug|Any CPU
		Release|Any CPU = Release|Any CPU
	EndGlobalSection
	GlobalSection(ProjectConfigurationPlatforms) = postSolution
		{AECF4201-8417-4D0A-AA2A-A15B9876EFEE}.Debug|Any CPU.ActiveCfg = Debug|Any CPU
		{AECF4201-8417-4D0A-AA2A-A15B9876EFEE}.Debug|Any CPU.Build.0 = Debug|Any CPU
		{AECF4201-8417-4D0A-AA2A-A15B9876EFEE}.Release|Any CPU.ActiveCfg = Release|Any CPU
		{AECF4201-8417-4D0A-AA2A-A15B9876EFEE}.Release|Any CPU.Build.0 = Release|Any CPU
	EndGlobalSection
	GlobalSection(SolutionProperties) = preSolution
		HideSolutionNode = FALSE
	EndGlobalSection
	GlobalSection(ExtensibilityGlobals) = postSolution
		SolutionGuid = {0F1B916A-6013-477B-9BB8-B598B62C207A}
	EndGlobalSection
EndGlobal
